// !$*UTF8*$!
{
	archiveVersion = 1;
	classes = {
	};
	objectVersion = 56;
	objects = {

/* Begin PBXBuildFile section */
		D473EB7D2CA774BA00181C31 /* LungTechViewModel.swift in Sources */ = {isa = PBXBuildFile; fileRef = D473EB7B2CA774BA00181C31 /* LungTechViewModel.swift */; };
		D473EB852CA774DE00181C31 /* AudioProcessingManager.swift in Sources */ = {isa = PBXBuildFile; fileRef = D473EB7F2CA774DE00181C31 /* AudioProcessingManager.swift */; };
		D473EB862CA774DE00181C31 /* AudioRecorder.swift in Sources */ = {isa = PBXBuildFile; fileRef = D473EB802CA774DE00181C31 /* AudioRecorder.swift */; };
		D473EB872CA774DE00181C31 /* RecordingManager.swift in Sources */ = {isa = PBXBuildFile; fileRef = D473EB812CA774DE00181C31 /* RecordingManager.swift */; };
		D473EB882CA774DE00181C31 /* NetworkManager.swift in Sources */ = {isa = PBXBuildFile; fileRef = D473EB832CA774DE00181C31 /* NetworkManager.swift */; };
		D473EB932CA774E700181C31 /* ActionButton.swift in Sources */ = {isa = PBXBuildFile; fileRef = D473EB892CA774E700181C31 /* ActionButton.swift */; };
		D473EB942CA774E700181C31 /* DisclaimerView.swift in Sources */ = {isa = PBXBuildFile; fileRef = D473EB8A2CA774E700181C31 /* DisclaimerView.swift */; };
		D473EB952CA774E700181C31 /* ProcessingView.swift in Sources */ = {isa = PBXBuildFile; fileRef = D473EB8B2CA774E700181C31 /* ProcessingView.swift */; };
		D473EB962CA774E700181C31 /* RecordingView.swift in Sources */ = {isa = PBXBuildFile; fileRef = D473EB8C2CA774E700181C31 /* RecordingView.swift */; };
		D473EB972CA774E700181C31 /* ContentView.swift in Sources */ = {isa = PBXBuildFile; fileRef = D473EB8E2CA774E700181C31 /* ContentView.swift */; };
		D473EB982CA774E700181C31 /* MainView.swift in Sources */ = {isa = PBXBuildFile; fileRef = D473EB8F2CA774E700181C31 /* MainView.swift */; };
		D473EB992CA774E700181C31 /* ResultView.swift in Sources */ = {isa = PBXBuildFile; fileRef = D473EB902CA774E700181C31 /* ResultView.swift */; };
		D473EB9C2CA774EA00181C31 /* DocumentPicker.swift in Sources */ = {isa = PBXBuildFile; fileRef = D473EB9A2CA774EA00181C31 /* DocumentPicker.swift */; };
		D473EBA12CA774ED00181C31 /* ColorPalette.swift in Sources */ = {isa = PBXBuildFile; fileRef = D473EB9E2CA774ED00181C31 /* ColorPalette.swift */; };
		D473EBA22CA774ED00181C31 /* Logo.swift in Sources */ = {isa = PBXBuildFile; fileRef = D473EB9F2CA774ED00181C31 /* Logo.swift */; };
		D473EBA32CA774ED00181C31 /* Assets.xcassets in Resources */ = {isa = PBXBuildFile; fileRef = D473EB9D2CA774ED00181C31 /* Assets.xcassets */; };
		D4B246E92C7549A700BEB8DF /* LungTechApp.swift in Sources */ = {isa = PBXBuildFile; fileRef = D4B246E82C7549A700BEB8DF /* LungTechApp.swift */; };
/* End PBXBuildFile section */

/* Begin PBXContainerItemProxy section */
		D4B246CA2C75492700BEB8DF /* PBXContainerItemProxy */ = {
			isa = PBXContainerItemProxy;
			containerPortal = D4B246B02C75492600BEB8DF /* Project object */;
			proxyType = 1;
			remoteGlobalIDString = D4B246B72C75492600BEB8DF;
			remoteInfo = lungtechapp;
		};
		D4B246D42C75492700BEB8DF /* PBXContainerItemProxy */ = {
			isa = PBXContainerItemProxy;
			containerPortal = D4B246B02C75492600BEB8DF /* Project object */;
			proxyType = 1;
			remoteGlobalIDString = D4B246B72C75492600BEB8DF;
			remoteInfo = lungtechapp;
		};
/* End PBXContainerItemProxy section */

/* Begin PBXFileReference section */
		D42336602C80180500FE1ADF /* Info.plist */ = {isa = PBXFileReference; lastKnownFileType = text.plist.xml; path = Info.plist; sourceTree = "<group>"; };
		D473EB7B2CA774BA00181C31 /* LungTechViewModel.swift */ = {isa = PBXFileReference; lastKnownFileType = sourcecode.swift; path = LungTechViewModel.swift; sourceTree = "<group>"; };
		D473EB7F2CA774DE00181C31 /* AudioProcessingManager.swift */ = {isa = PBXFileReference; lastKnownFileType = sourcecode.swift; path = AudioProcessingManager.swift; sourceTree = "<group>"; };
		D473EB802CA774DE00181C31 /* AudioRecorder.swift */ = {isa = PBXFileReference; lastKnownFileType = sourcecode.swift; path = AudioRecorder.swift; sourceTree = "<group>"; };
		D473EB812CA774DE00181C31 /* RecordingManager.swift */ = {isa = PBXFileReference; lastKnownFileType = sourcecode.swift; path = RecordingManager.swift; sourceTree = "<group>"; };
		D473EB832CA774DE00181C31 /* NetworkManager.swift */ = {isa = PBXFileReference; lastKnownFileType = sourcecode.swift; path = NetworkManager.swift; sourceTree = "<group>"; };
		D473EB892CA774E700181C31 /* ActionButton.swift */ = {isa = PBXFileReference; lastKnownFileType = sourcecode.swift; path = ActionButton.swift; sourceTree = "<group>"; };
		D473EB8A2CA774E700181C31 /* DisclaimerView.swift */ = {isa = PBXFileReference; lastKnownFileType = sourcecode.swift; path = DisclaimerView.swift; sourceTree = "<group>"; };
		D473EB8B2CA774E700181C31 /* ProcessingView.swift */ = {isa = PBXFileReference; lastKnownFileType = sourcecode.swift; path = ProcessingView.swift; sourceTree = "<group>"; };
		D473EB8C2CA774E700181C31 /* RecordingView.swift */ = {isa = PBXFileReference; lastKnownFileType = sourcecode.swift; path = RecordingView.swift; sourceTree = "<group>"; };
		D473EB8E2CA774E700181C31 /* ContentView.swift */ = {isa = PBXFileReference; lastKnownFileType = sourcecode.swift; path = ContentView.swift; sourceTree = "<group>"; };
		D473EB8F2CA774E700181C31 /* MainView.swift */ = {isa = PBXFileReference; lastKnownFileType = sourcecode.swift; path = MainView.swift; sourceTree = "<group>"; };
		D473EB902CA774E700181C31 /* ResultView.swift */ = {isa = PBXFileReference; lastKnownFileType = sourcecode.swift; path = ResultView.swift; sourceTree = "<group>"; };
		D473EB9A2CA774EA00181C31 /* DocumentPicker.swift */ = {isa = PBXFileReference; lastKnownFileType = sourcecode.swift; path = DocumentPicker.swift; sourceTree = "<group>"; };
		D473EB9D2CA774ED00181C31 /* Assets.xcassets */ = {isa = PBXFileReference; lastKnownFileType = folder.assetcatalog; path = Assets.xcassets; sourceTree = "<group>"; };
		D473EB9E2CA774ED00181C31 /* ColorPalette.swift */ = {isa = PBXFileReference; lastKnownFileType = sourcecode.swift; path = ColorPalette.swift; sourceTree = "<group>"; };
		D473EB9F2CA774ED00181C31 /* Logo.swift */ = {isa = PBXFileReference; lastKnownFileType = sourcecode.swift; path = Logo.swift; sourceTree = "<group>"; };
		D4B246B82C75492600BEB8DF /* lungtechapp.app */ = {isa = PBXFileReference; explicitFileType = wrapper.application; includeInIndex = 0; path = lungtechapp.app; sourceTree = BUILT_PRODUCTS_DIR; };
		D4B246C12C75492700BEB8DF /* lungtechapp.entitlements */ = {isa = PBXFileReference; lastKnownFileType = text.plist.entitlements; path = lungtechapp.entitlements; sourceTree = "<group>"; };
		D4B246C92C75492700BEB8DF /* lungtechappTests.xctest */ = {isa = PBXFileReference; explicitFileType = wrapper.cfbundle; includeInIndex = 0; path = lungtechappTests.xctest; sourceTree = BUILT_PRODUCTS_DIR; };
		D4B246D32C75492700BEB8DF /* lungtechappUITests.xctest */ = {isa = PBXFileReference; explicitFileType = wrapper.cfbundle; includeInIndex = 0; path = lungtechappUITests.xctest; sourceTree = BUILT_PRODUCTS_DIR; };
		D4B246E82C7549A700BEB8DF /* LungTechApp.swift */ = {isa = PBXFileReference; lastKnownFileType = sourcecode.swift; path = LungTechApp.swift; sourceTree = "<group>"; };
/* End PBXFileReference section */

/* Begin PBXFrameworksBuildPhase section */
		D4B246B52C75492600BEB8DF /* Frameworks */ = {
			isa = PBXFrameworksBuildPhase;
			buildActionMask = 2147483647;
			files = (
			);
			runOnlyForDeploymentPostprocessing = 0;
		};
		D4B246C62C75492700BEB8DF /* Frameworks */ = {
			isa = PBXFrameworksBuildPhase;
			buildActionMask = 2147483647;
			files = (
			);
			runOnlyForDeploymentPostprocessing = 0;
		};
		D4B246D02C75492700BEB8DF /* Frameworks */ = {
			isa = PBXFrameworksBuildPhase;
			buildActionMask = 2147483647;
			files = (
			);
			runOnlyForDeploymentPostprocessing = 0;
		};
/* End PBXFrameworksBuildPhase section */

/* Begin PBXGroup section */
		D473EB7C2CA774BA00181C31 /* ViewModels */ = {
			isa = PBXGroup;
			children = (
				D473EB7B2CA774BA00181C31 /* LungTechViewModel.swift */,
			);
			path = ViewModels;
			sourceTree = "<group>";
		};
		D473EB822CA774DE00181C31 /* Audio */ = {
			isa = PBXGroup;
			children = (
				D473EB7F2CA774DE00181C31 /* AudioProcessingManager.swift */,
				D473EB802CA774DE00181C31 /* AudioRecorder.swift */,
				D473EB812CA774DE00181C31 /* RecordingManager.swift */,
			);
			path = Audio;
			sourceTree = "<group>";
		};
		D473EB842CA774DE00181C31 /* Managers */ = {
			isa = PBXGroup;
			children = (
				D473EB822CA774DE00181C31 /* Audio */,
				D473EB832CA774DE00181C31 /* NetworkManager.swift */,
			);
			path = Managers;
			sourceTree = "<group>";
		};
		D473EB8D2CA774E700181C31 /* Components */ = {
			isa = PBXGroup;
			children = (
				D473EB892CA774E700181C31 /* ActionButton.swift */,
				D473EB8A2CA774E700181C31 /* DisclaimerView.swift */,
				D473EB8B2CA774E700181C31 /* ProcessingView.swift */,
				D473EB8C2CA774E700181C31 /* RecordingView.swift */,
			);
			path = Components;
			sourceTree = "<group>";
		};
		D473EB912CA774E700181C31 /* Screens */ = {
			isa = PBXGroup;
			children = (
				D473EB8E2CA774E700181C31 /* ContentView.swift */,
				D473EB8F2CA774E700181C31 /* MainView.swift */,
				D473EB902CA774E700181C31 /* ResultView.swift */,
			);
			path = Screens;
			sourceTree = "<group>";
		};
		D473EB922CA774E700181C31 /* Views */ = {
			isa = PBXGroup;
			children = (
				D473EB8D2CA774E700181C31 /* Components */,
				D473EB912CA774E700181C31 /* Screens */,
			);
			path = Views;
			sourceTree = "<group>";
		};
		D473EB9B2CA774EA00181C31 /* Utilities */ = {
			isa = PBXGroup;
			children = (
				D473EB9E2CA774ED00181C31 /* ColorPalette.swift */,
				D473EB9F2CA774ED00181C31 /* Logo.swift */,
				D473EB9A2CA774EA00181C31 /* DocumentPicker.swift */,
			);
			path = Utilities;
			sourceTree = "<group>";
		};
		D473EBA52CAA3F5300181C31 /* App */ = {
			isa = PBXGroup;
			children = (
				D4B246E82C7549A700BEB8DF /* LungTechApp.swift */,
				D4B246C12C75492700BEB8DF /* lungtechapp.entitlements */,
				D42336602C80180500FE1ADF /* Info.plist */,
			);
			path = App;
			sourceTree = "<group>";
		};
		D473EBA62CAA3F7200181C31 /* src */ = {
			isa = PBXGroup;
			children = (
				D473EB842CA774DE00181C31 /* Managers */,
				D473EB9B2CA774EA00181C31 /* Utilities */,
				D473EB922CA774E700181C31 /* Views */,
				D473EB7C2CA774BA00181C31 /* ViewModels */,
			);
			path = src;
			sourceTree = "<group>";
		};
		D4B246AF2C75492600BEB8DF = {
			isa = PBXGroup;
			children = (
				D4B246BA2C75492600BEB8DF /* lungtechapp */,
				D4B246B92C75492600BEB8DF /* Products */,
			);
			sourceTree = "<group>";
		};
		D4B246B92C75492600BEB8DF /* Products */ = {
			isa = PBXGroup;
			children = (
				D4B246B82C75492600BEB8DF /* lungtechapp.app */,
				D4B246C92C75492700BEB8DF /* lungtechappTests.xctest */,
				D4B246D32C75492700BEB8DF /* lungtechappUITests.xctest */,
			);
			name = Products;
			sourceTree = "<group>";
		};
		D4B246BA2C75492600BEB8DF /* lungtechapp */ = {
			isa = PBXGroup;
			children = (
				D473EBA52CAA3F5300181C31 /* App */,
				D473EB9D2CA774ED00181C31 /* Assets.xcassets */,
				D473EBA62CAA3F7200181C31 /* src */,
			);
			path = lungtechapp;
			sourceTree = "<group>";
		};
/* End PBXGroup section */

/* Begin PBXNativeTarget section */
		D4B246B72C75492600BEB8DF /* lungtechapp */ = {
			isa = PBXNativeTarget;
			buildConfigurationList = D4B246DD2C75492700BEB8DF /* Build configuration list for PBXNativeTarget "lungtechapp" */;
			buildPhases = (
				D4B246B42C75492600BEB8DF /* Sources */,
				D4B246B52C75492600BEB8DF /* Frameworks */,
				D4B246B62C75492600BEB8DF /* Resources */,
				D473EBA42CA775C800181C31 /* ShellScript */,
			);
			buildRules = (
			);
			dependencies = (
			);
			name = lungtechapp;
			productName = lungtechapp;
			productReference = D4B246B82C75492600BEB8DF /* lungtechapp.app */;
			productType = "com.apple.product-type.application";
		};
		D4B246C82C75492700BEB8DF /* lungtechappTests */ = {
			isa = PBXNativeTarget;
			buildConfigurationList = D4B246E02C75492700BEB8DF /* Build configuration list for PBXNativeTarget "lungtechappTests" */;
			buildPhases = (
				D4B246C52C75492700BEB8DF /* Sources */,
				D4B246C62C75492700BEB8DF /* Frameworks */,
				D4B246C72C75492700BEB8DF /* Resources */,
			);
			buildRules = (
			);
			dependencies = (
				D4B246CB2C75492700BEB8DF /* PBXTargetDependency */,
			);
			name = lungtechappTests;
			productName = lungtechappTests;
			productReference = D4B246C92C75492700BEB8DF /* lungtechappTests.xctest */;
			productType = "com.apple.product-type.bundle.unit-test";
		};
		D4B246D22C75492700BEB8DF /* lungtechappUITests */ = {
			isa = PBXNativeTarget;
			buildConfigurationList = D4B246E32C75492700BEB8DF /* Build configuration list for PBXNativeTarget "lungtechappUITests" */;
			buildPhases = (
				D4B246CF2C75492700BEB8DF /* Sources */,
				D4B246D02C75492700BEB8DF /* Frameworks */,
				D4B246D12C75492700BEB8DF /* Resources */,
			);
			buildRules = (
			);
			dependencies = (
				D4B246D52C75492700BEB8DF /* PBXTargetDependency */,
			);
			name = lungtechappUITests;
			productName = lungtechappUITests;
			productReference = D4B246D32C75492700BEB8DF /* lungtechappUITests.xctest */;
			productType = "com.apple.product-type.bundle.ui-testing";
		};
/* End PBXNativeTarget section */

/* Begin PBXProject section */
		D4B246B02C75492600BEB8DF /* Project object */ = {
			isa = PBXProject;
			attributes = {
				BuildIndependentTargetsInParallel = 1;
				LastSwiftUpdateCheck = 1540;
				LastUpgradeCheck = 1540;
				TargetAttributes = {
					D4B246B72C75492600BEB8DF = {
						CreatedOnToolsVersion = 15.4;
					};
					D4B246C82C75492700BEB8DF = {
						CreatedOnToolsVersion = 15.4;
						TestTargetID = D4B246B72C75492600BEB8DF;
					};
					D4B246D22C75492700BEB8DF = {
						CreatedOnToolsVersion = 15.4;
						TestTargetID = D4B246B72C75492600BEB8DF;
					};
				};
			};
			buildConfigurationList = D4B246B32C75492600BEB8DF /* Build configuration list for PBXProject "lungtechapp" */;
			compatibilityVersion = "Xcode 14.0";
			developmentRegion = en;
			hasScannedForEncodings = 0;
			knownRegions = (
				en,
				Base,
			);
			mainGroup = D4B246AF2C75492600BEB8DF;
			productRefGroup = D4B246B92C75492600BEB8DF /* Products */;
			projectDirPath = "";
			projectRoot = "";
			targets = (
				D4B246B72C75492600BEB8DF /* lungtechapp */,
				D4B246C82C75492700BEB8DF /* lungtechappTests */,
				D4B246D22C75492700BEB8DF /* lungtechappUITests */,
			);
		};
/* End PBXProject section */

/* Begin PBXResourcesBuildPhase section */
		D4B246B62C75492600BEB8DF /* Resources */ = {
			isa = PBXResourcesBuildPhase;
			buildActionMask = 2147483647;
			files = (
				D473EBA32CA774ED00181C31 /* Assets.xcassets in Resources */,
			);
			runOnlyForDeploymentPostprocessing = 0;
		};
		D4B246C72C75492700BEB8DF /* Resources */ = {
			isa = PBXResourcesBuildPhase;
			buildActionMask = 2147483647;
			files = (
			);
			runOnlyForDeploymentPostprocessing = 0;
		};
		D4B246D12C75492700BEB8DF /* Resources */ = {
			isa = PBXResourcesBuildPhase;
			buildActionMask = 2147483647;
			files = (
			);
			runOnlyForDeploymentPostprocessing = 0;
		};
/* End PBXResourcesBuildPhase section */

/* Begin PBXShellScriptBuildPhase section */
		D473EBA42CA775C800181C31 /* ShellScript */ = {
			isa = PBXShellScriptBuildPhase;
			buildActionMask = 2147483647;
			files = (
			);
			inputFileListPaths = (
			);
			inputPaths = (
			);
			outputFileListPaths = (
			);
			outputPaths = (
			);
			runOnlyForDeploymentPostprocessing = 0;
			shellPath = /bin/sh;
			shellScript = "# Type a script or drag a script file from your workspace to insert its path.\nif command -v swiftlint >/dev/null 2>&1; then\n    swiftlint\nelse\n    echo \"warning: SwiftLint not installed. Download from https://github.com/realm/SwiftLint.\"\nfi\n";
		};
/* End PBXShellScriptBuildPhase section */

/* Begin PBXSourcesBuildPhase section */
		D4B246B42C75492600BEB8DF /* Sources */ = {
			isa = PBXSourcesBuildPhase;
			buildActionMask = 2147483647;
			files = (
				D473EB932CA774E700181C31 /* ActionButton.swift in Sources */,
				D473EB942CA774E700181C31 /* DisclaimerView.swift in Sources */,
				D473EB952CA774E700181C31 /* ProcessingView.swift in Sources */,
				D473EB962CA774E700181C31 /* RecordingView.swift in Sources */,
				D473EBA12CA774ED00181C31 /* ColorPalette.swift in Sources */,
				D473EBA22CA774ED00181C31 /* Logo.swift in Sources */,
				D473EB972CA774E700181C31 /* ContentView.swift in Sources */,
				D473EB982CA774E700181C31 /* MainView.swift in Sources */,
				D473EB992CA774E700181C31 /* ResultView.swift in Sources */,
				D473EB7D2CA774BA00181C31 /* LungTechViewModel.swift in Sources */,
				D4B246E92C7549A700BEB8DF /* LungTechApp.swift in Sources */,
				D473EB852CA774DE00181C31 /* AudioProcessingManager.swift in Sources */,
				D473EB862CA774DE00181C31 /* AudioRecorder.swift in Sources */,
				D473EB9C2CA774EA00181C31 /* DocumentPicker.swift in Sources */,
				D473EB872CA774DE00181C31 /* RecordingManager.swift in Sources */,
				D473EB882CA774DE00181C31 /* NetworkManager.swift in Sources */,
			);
			runOnlyForDeploymentPostprocessing = 0;
		};
		D4B246C52C75492700BEB8DF /* Sources */ = {
			isa = PBXSourcesBuildPhase;
			buildActionMask = 2147483647;
			files = (
			);
			runOnlyForDeploymentPostprocessing = 0;
		};
		D4B246CF2C75492700BEB8DF /* Sources */ = {
			isa = PBXSourcesBuildPhase;
			buildActionMask = 2147483647;
			files = (
			);
			runOnlyForDeploymentPostprocessing = 0;
		};
/* End PBXSourcesBuildPhase section */

/* Begin PBXTargetDependency section */
		D4B246CB2C75492700BEB8DF /* PBXTargetDependency */ = {
			isa = PBXTargetDependency;
			target = D4B246B72C75492600BEB8DF /* lungtechapp */;
			targetProxy = D4B246CA2C75492700BEB8DF /* PBXContainerItemProxy */;
		};
		D4B246D52C75492700BEB8DF /* PBXTargetDependency */ = {
			isa = PBXTargetDependency;
			target = D4B246B72C75492600BEB8DF /* lungtechapp */;
			targetProxy = D4B246D42C75492700BEB8DF /* PBXContainerItemProxy */;
		};
/* End PBXTargetDependency section */

/* Begin XCBuildConfiguration section */
		D4B246DB2C75492700BEB8DF /* Debug */ = {
			isa = XCBuildConfiguration;
			buildSettings = {
				ALWAYS_SEARCH_USER_PATHS = NO;
				ASSETCATALOG_COMPILER_GENERATE_SWIFT_ASSET_SYMBOL_EXTENSIONS = YES;
				CLANG_ANALYZER_NONNULL = YES;
				CLANG_ANALYZER_NUMBER_OBJECT_CONVERSION = YES_AGGRESSIVE;
				CLANG_CXX_LANGUAGE_STANDARD = "gnu++20";
				CLANG_ENABLE_MODULES = YES;
				CLANG_ENABLE_OBJC_ARC = YES;
				CLANG_ENABLE_OBJC_WEAK = YES;
				CLANG_WARN_BLOCK_CAPTURE_AUTORELEASING = YES;
				CLANG_WARN_BOOL_CONVERSION = YES;
				CLANG_WARN_COMMA = YES;
				CLANG_WARN_CONSTANT_CONVERSION = YES;
				CLANG_WARN_DEPRECATED_OBJC_IMPLEMENTATIONS = YES;
				CLANG_WARN_DIRECT_OBJC_ISA_USAGE = YES_ERROR;
				CLANG_WARN_DOCUMENTATION_COMMENTS = YES;
				CLANG_WARN_EMPTY_BODY = YES;
				CLANG_WARN_ENUM_CONVERSION = YES;
				CLANG_WARN_INFINITE_RECURSION = YES;
				CLANG_WARN_INT_CONVERSION = YES;
				CLANG_WARN_NON_LITERAL_NULL_CONVERSION = YES;
				CLANG_WARN_OBJC_IMPLICIT_RETAIN_SELF = YES;
				CLANG_WARN_OBJC_LITERAL_CONVERSION = YES;
				CLANG_WARN_OBJC_ROOT_CLASS = YES_ERROR;
				CLANG_WARN_QUOTED_INCLUDE_IN_FRAMEWORK_HEADER = YES;
				CLANG_WARN_RANGE_LOOP_ANALYSIS = YES;
				CLANG_WARN_STRICT_PROTOTYPES = YES;
				CLANG_WARN_SUSPICIOUS_MOVE = YES;
				CLANG_WARN_UNGUARDED_AVAILABILITY = YES_AGGRESSIVE;
				CLANG_WARN_UNREACHABLE_CODE = YES;
				CLANG_WARN__DUPLICATE_METHOD_MATCH = YES;
				COPY_PHASE_STRIP = NO;
				DEBUG_INFORMATION_FORMAT = dwarf;
				ENABLE_STRICT_OBJC_MSGSEND = YES;
				ENABLE_TESTABILITY = YES;
				ENABLE_USER_SCRIPT_SANDBOXING = YES;
				GCC_C_LANGUAGE_STANDARD = gnu17;
				GCC_DYNAMIC_NO_PIC = NO;
				GCC_NO_COMMON_BLOCKS = YES;
				GCC_OPTIMIZATION_LEVEL = 0;
				GCC_PREPROCESSOR_DEFINITIONS = (
					"DEBUG=1",
					"$(inherited)",
				);
				GCC_WARN_64_TO_32_BIT_CONVERSION = YES;
				GCC_WARN_ABOUT_RETURN_TYPE = YES_ERROR;
				GCC_WARN_UNDECLARED_SELECTOR = YES;
				GCC_WARN_UNINITIALIZED_AUTOS = YES_AGGRESSIVE;
				GCC_WARN_UNUSED_FUNCTION = YES;
				GCC_WARN_UNUSED_VARIABLE = YES;
				LOCALIZATION_PREFERS_STRING_CATALOGS = YES;
				MTL_ENABLE_DEBUG_INFO = INCLUDE_SOURCE;
				MTL_FAST_MATH = YES;
				ONLY_ACTIVE_ARCH = YES;
				SWIFT_ACTIVE_COMPILATION_CONDITIONS = "DEBUG $(inherited)";
				SWIFT_OPTIMIZATION_LEVEL = "-Onone";
			};
			name = Debug;
		};
		D4B246DC2C75492700BEB8DF /* Release */ = {
			isa = XCBuildConfiguration;
			buildSettings = {
				ALWAYS_SEARCH_USER_PATHS = NO;
				ASSETCATALOG_COMPILER_GENERATE_SWIFT_ASSET_SYMBOL_EXTENSIONS = YES;
				CLANG_ANALYZER_NONNULL = YES;
				CLANG_ANALYZER_NUMBER_OBJECT_CONVERSION = YES_AGGRESSIVE;
				CLANG_CXX_LANGUAGE_STANDARD = "gnu++20";
				CLANG_ENABLE_MODULES = YES;
				CLANG_ENABLE_OBJC_ARC = YES;
				CLANG_ENABLE_OBJC_WEAK = YES;
				CLANG_WARN_BLOCK_CAPTURE_AUTORELEASING = YES;
				CLANG_WARN_BOOL_CONVERSION = YES;
				CLANG_WARN_COMMA = YES;
				CLANG_WARN_CONSTANT_CONVERSION = YES;
				CLANG_WARN_DEPRECATED_OBJC_IMPLEMENTATIONS = YES;
				CLANG_WARN_DIRECT_OBJC_ISA_USAGE = YES_ERROR;
				CLANG_WARN_DOCUMENTATION_COMMENTS = YES;
				CLANG_WARN_EMPTY_BODY = YES;
				CLANG_WARN_ENUM_CONVERSION = YES;
				CLANG_WARN_INFINITE_RECURSION = YES;
				CLANG_WARN_INT_CONVERSION = YES;
				CLANG_WARN_NON_LITERAL_NULL_CONVERSION = YES;
				CLANG_WARN_OBJC_IMPLICIT_RETAIN_SELF = YES;
				CLANG_WARN_OBJC_LITERAL_CONVERSION = YES;
				CLANG_WARN_OBJC_ROOT_CLASS = YES_ERROR;
				CLANG_WARN_QUOTED_INCLUDE_IN_FRAMEWORK_HEADER = YES;
				CLANG_WARN_RANGE_LOOP_ANALYSIS = YES;
				CLANG_WARN_STRICT_PROTOTYPES = YES;
				CLANG_WARN_SUSPICIOUS_MOVE = YES;
				CLANG_WARN_UNGUARDED_AVAILABILITY = YES_AGGRESSIVE;
				CLANG_WARN_UNREACHABLE_CODE = YES;
				CLANG_WARN__DUPLICATE_METHOD_MATCH = YES;
				COPY_PHASE_STRIP = NO;
				DEBUG_INFORMATION_FORMAT = "dwarf-with-dsym";
				ENABLE_NS_ASSERTIONS = NO;
				ENABLE_STRICT_OBJC_MSGSEND = YES;
				ENABLE_USER_SCRIPT_SANDBOXING = YES;
				GCC_C_LANGUAGE_STANDARD = gnu17;
				GCC_NO_COMMON_BLOCKS = YES;
				GCC_WARN_64_TO_32_BIT_CONVERSION = YES;
				GCC_WARN_ABOUT_RETURN_TYPE = YES_ERROR;
				GCC_WARN_UNDECLARED_SELECTOR = YES;
				GCC_WARN_UNINITIALIZED_AUTOS = YES_AGGRESSIVE;
				GCC_WARN_UNUSED_FUNCTION = YES;
				GCC_WARN_UNUSED_VARIABLE = YES;
				LOCALIZATION_PREFERS_STRING_CATALOGS = YES;
				MTL_ENABLE_DEBUG_INFO = NO;
				MTL_FAST_MATH = YES;
				SWIFT_COMPILATION_MODE = wholemodule;
			};
			name = Release;
		};
		D4B246DE2C75492700BEB8DF /* Debug */ = {
			isa = XCBuildConfiguration;
			buildSettings = {
				ASSETCATALOG_COMPILER_APPICON_NAME = AppIcon;
				ASSETCATALOG_COMPILER_GLOBAL_ACCENT_COLOR_NAME = AccentColor;
				CODE_SIGN_ENTITLEMENTS = lungtechapp/lungtechapp.entitlements;
				CODE_SIGN_STYLE = Automatic;
				CURRENT_PROJECT_VERSION = 1;
				DEVELOPMENT_ASSET_PATHS = "";
				DEVELOPMENT_TEAM = K8D7XFC993;
				ENABLE_HARDENED_RUNTIME = YES;
				"ENABLE_HARDENED_RUNTIME[sdk=macosx*]" = YES;
				ENABLE_PREVIEWS = YES;
				GENERATE_INFOPLIST_FILE = YES;
				INFOPLIST_KEY_CFBundleDisplayName = "";
				INFOPLIST_KEY_LSApplicationCategoryType = "";
				INFOPLIST_KEY_NSMicrophoneUsageDescription = "LungTech needs microphone access for uploading audio";
				"INFOPLIST_KEY_UIApplicationSceneManifest_Generation[sdk=iphoneos*]" = YES;
				"INFOPLIST_KEY_UIApplicationSceneManifest_Generation[sdk=iphonesimulator*]" = YES;
				"INFOPLIST_KEY_UIApplicationSupportsIndirectInputEvents[sdk=iphoneos*]" = YES;
				"INFOPLIST_KEY_UIApplicationSupportsIndirectInputEvents[sdk=iphonesimulator*]" = YES;
				"INFOPLIST_KEY_UILaunchScreen_Generation[sdk=iphoneos*]" = YES;
				"INFOPLIST_KEY_UILaunchScreen_Generation[sdk=iphonesimulator*]" = YES;
				"INFOPLIST_KEY_UIStatusBarStyle[sdk=iphoneos*]" = UIStatusBarStyleDefault;
				"INFOPLIST_KEY_UIStatusBarStyle[sdk=iphonesimulator*]" = UIStatusBarStyleDefault;
				INFOPLIST_KEY_UISupportedInterfaceOrientations_iPad = "UIInterfaceOrientationPortrait UIInterfaceOrientationPortraitUpsideDown UIInterfaceOrientationLandscapeLeft UIInterfaceOrientationLandscapeRight";
				IPHONEOS_DEPLOYMENT_TARGET = 17.5;
				LD_RUNPATH_SEARCH_PATHS = "@executable_path/Frameworks";
				"LD_RUNPATH_SEARCH_PATHS[sdk=macosx*]" = "@executable_path/../Frameworks";
				MACOSX_DEPLOYMENT_TARGET = 14.5;
				MARKETING_VERSION = 1.0;
				PRODUCT_BUNDLE_IDENTIFIER = ao.lungtechapp;
				PRODUCT_NAME = "$(TARGET_NAME)";
				SDKROOT = auto;
				SUPPORTED_PLATFORMS = "iphoneos iphonesimulator macosx";
				SWIFT_EMIT_LOC_STRINGS = YES;
				SWIFT_VERSION = 5.0;
				TARGETED_DEVICE_FAMILY = "1,2";
			};
			name = Debug;
		};
		D4B246DF2C75492700BEB8DF /* Release */ = {
			isa = XCBuildConfiguration;
			buildSettings = {
				ASSETCATALOG_COMPILER_APPICON_NAME = AppIcon;
				ASSETCATALOG_COMPILER_GLOBAL_ACCENT_COLOR_NAME = AccentColor;
				CODE_SIGN_ENTITLEMENTS = lungtechapp/lungtechapp.entitlements;
				CODE_SIGN_STYLE = Automatic;
				CURRENT_PROJECT_VERSION = 1;
				DEVELOPMENT_ASSET_PATHS = "";
				DEVELOPMENT_TEAM = K8D7XFC993;
				ENABLE_HARDENED_RUNTIME = YES;
				"ENABLE_HARDENED_RUNTIME[sdk=macosx*]" = YES;
				ENABLE_PREVIEWS = YES;
				GENERATE_INFOPLIST_FILE = YES;
				INFOPLIST_KEY_CFBundleDisplayName = "";
				INFOPLIST_KEY_LSApplicationCategoryType = "";
				INFOPLIST_KEY_NSMicrophoneUsageDescription = "LungTech needs microphone access for uploading audio";
				"INFOPLIST_KEY_UIApplicationSceneManifest_Generation[sdk=iphoneos*]" = YES;
				"INFOPLIST_KEY_UIApplicationSceneManifest_Generation[sdk=iphonesimulator*]" = YES;
				"INFOPLIST_KEY_UIApplicationSupportsIndirectInputEvents[sdk=iphoneos*]" = YES;
				"INFOPLIST_KEY_UIApplicationSupportsIndirectInputEvents[sdk=iphonesimulator*]" = YES;
				"INFOPLIST_KEY_UILaunchScreen_Generation[sdk=iphoneos*]" = YES;
				"INFOPLIST_KEY_UILaunchScreen_Generation[sdk=iphonesimulator*]" = YES;
				"INFOPLIST_KEY_UIStatusBarStyle[sdk=iphoneos*]" = UIStatusBarStyleDefault;
				"INFOPLIST_KEY_UIStatusBarStyle[sdk=iphonesimulator*]" = UIStatusBarStyleDefault;
				INFOPLIST_KEY_UISupportedInterfaceOrientations_iPad = "UIInterfaceOrientationPortrait UIInterfaceOrientationPortraitUpsideDown UIInterfaceOrientationLandscapeLeft UIInterfaceOrientationLandscapeRight";
				IPHONEOS_DEPLOYMENT_TARGET = 17.5;
				LD_RUNPATH_SEARCH_PATHS = "@executable_path/Frameworks";
				"LD_RUNPATH_SEARCH_PATHS[sdk=macosx*]" = "@executable_path/../Frameworks";
				MACOSX_DEPLOYMENT_TARGET = 14.5;
				MARKETING_VERSION = 1.0;
				PRODUCT_BUNDLE_IDENTIFIER = ao.lungtechapp;
				PRODUCT_NAME = "$(TARGET_NAME)";
				SDKROOT = auto;
				SUPPORTED_PLATFORMS = "iphoneos iphonesimulator macosx";
				SWIFT_EMIT_LOC_STRINGS = YES;
				SWIFT_VERSION = 5.0;
				TARGETED_DEVICE_FAMILY = "1,2";
			};
			name = Release;
		};
		D4B246E12C75492700BEB8DF /* Debug */ = {
			isa = XCBuildConfiguration;
			buildSettings = {
				BUNDLE_LOADER = "$(TEST_HOST)";
				CODE_SIGN_STYLE = Automatic;
				CURRENT_PROJECT_VERSION = 1;
				DEVELOPMENT_TEAM = K8D7XFC993;
				GENERATE_INFOPLIST_FILE = YES;
				IPHONEOS_DEPLOYMENT_TARGET = 17.5;
				MACOSX_DEPLOYMENT_TARGET = 14.5;
				MARKETING_VERSION = 1.0;
				PRODUCT_BUNDLE_IDENTIFIER = ao.lungtechappTests;
				PRODUCT_NAME = "$(TARGET_NAME)";
				SDKROOT = auto;
				SUPPORTED_PLATFORMS = "iphoneos iphonesimulator macosx";
				SWIFT_EMIT_LOC_STRINGS = NO;
				SWIFT_VERSION = 5.0;
				TARGETED_DEVICE_FAMILY = "1,2";
				TEST_HOST = "$(BUILT_PRODUCTS_DIR)/lungtechapp.app/$(BUNDLE_EXECUTABLE_FOLDER_PATH)/lungtechapp";
			};
			name = Debug;
		};
		D4B246E22C75492700BEB8DF /* Release */ = {
			isa = XCBuildConfiguration;
			buildSettings = {
				BUNDLE_LOADER = "$(TEST_HOST)";
				CODE_SIGN_STYLE = Automatic;
				CURRENT_PROJECT_VERSION = 1;
				DEVELOPMENT_TEAM = K8D7XFC993;
				GENERATE_INFOPLIST_FILE = YES;
				IPHONEOS_DEPLOYMENT_TARGET = 17.5;
				MACOSX_DEPLOYMENT_TARGET = 14.5;
				MARKETING_VERSION = 1.0;
				PRODUCT_BUNDLE_IDENTIFIER = ao.lungtechappTests;
				PRODUCT_NAME = "$(TARGET_NAME)";
				SDKROOT = auto;
				SUPPORTED_PLATFORMS = "iphoneos iphonesimulator macosx";
				SWIFT_EMIT_LOC_STRINGS = NO;
				SWIFT_VERSION = 5.0;
				TARGETED_DEVICE_FAMILY = "1,2";
				TEST_HOST = "$(BUILT_PRODUCTS_DIR)/lungtechapp.app/$(BUNDLE_EXECUTABLE_FOLDER_PATH)/lungtechapp";
			};
			name = Release;
		};
		D4B246E42C75492700BEB8DF /* Debug */ = {
			isa = XCBuildConfiguration;
			buildSettings = {
				CODE_SIGN_STYLE = Automatic;
				CURRENT_PROJECT_VERSION = 1;
				DEVELOPMENT_TEAM = K8D7XFC993;
				GENERATE_INFOPLIST_FILE = YES;
				IPHONEOS_DEPLOYMENT_TARGET = 17.5;
				MACOSX_DEPLOYMENT_TARGET = 14.5;
				MARKETING_VERSION = 1.0;
				PRODUCT_BUNDLE_IDENTIFIER = ao.lungtechappUITests;
				PRODUCT_NAME = "$(TARGET_NAME)";
				SDKROOT = auto;
				SUPPORTED_PLATFORMS = "iphoneos iphonesimulator macosx";
				SWIFT_EMIT_LOC_STRINGS = NO;
				SWIFT_VERSION = 5.0;
				TARGETED_DEVICE_FAMILY = "1,2";
				TEST_TARGET_NAME = lungtechapp;
			};
			name = Debug;
		};
		D4B246E52C75492700BEB8DF /* Release */ = {
			isa = XCBuildConfiguration;
			buildSettings = {
				CODE_SIGN_STYLE = Automatic;
				CURRENT_PROJECT_VERSION = 1;
				DEVELOPMENT_TEAM = K8D7XFC993;
				GENERATE_INFOPLIST_FILE = YES;
				IPHONEOS_DEPLOYMENT_TARGET = 17.5;
				MACOSX_DEPLOYMENT_TARGET = 14.5;
				MARKETING_VERSION = 1.0;
				PRODUCT_BUNDLE_IDENTIFIER = ao.lungtechappUITests;
				PRODUCT_NAME = "$(TARGET_NAME)";
				SDKROOT = auto;
				SUPPORTED_PLATFORMS = "iphoneos iphonesimulator macosx";
				SWIFT_EMIT_LOC_STRINGS = NO;
				SWIFT_VERSION = 5.0;
				TARGETED_DEVICE_FAMILY = "1,2";
				TEST_TARGET_NAME = lungtechapp;
			};
			name = Release;
		};
/* End XCBuildConfiguration section */

/* Begin XCConfigurationList section */
		D4B246B32C75492600BEB8DF /* Build configuration list for PBXProject "lungtechapp" */ = {
			isa = XCConfigurationList;
			buildConfigurations = (
				D4B246DB2C75492700BEB8DF /* Debug */,
				D4B246DC2C75492700BEB8DF /* Release */,
			);
			defaultConfigurationIsVisible = 0;
			defaultConfigurationName = Release;
		};
		D4B246DD2C75492700BEB8DF /* Build configuration list for PBXNativeTarget "lungtechapp" */ = {
			isa = XCConfigurationList;
			buildConfigurations = (
				D4B246DE2C75492700BEB8DF /* Debug */,
				D4B246DF2C75492700BEB8DF /* Release */,
			);
			defaultConfigurationIsVisible = 0;
			defaultConfigurationName = Release;
		};
		D4B246E02C75492700BEB8DF /* Build configuration list for PBXNativeTarget "lungtechappTests" */ = {
			isa = XCConfigurationList;
			buildConfigurations = (
				D4B246E12C75492700BEB8DF /* Debug */,
				D4B246E22C75492700BEB8DF /* Release */,
			);
			defaultConfigurationIsVisible = 0;
			defaultConfigurationName = Release;
		};
		D4B246E32C75492700BEB8DF /* Build configuration list for PBXNativeTarget "lungtechappUITests" */ = {
			isa = XCConfigurationList;
			buildConfigurations = (
				D4B246E42C75492700BEB8DF /* Debug */,
				D4B246E52C75492700BEB8DF /* Release */,
			);
			defaultConfigurationIsVisible = 0;
			defaultConfigurationName = Release;
		};
/* End XCConfigurationList section */
	};
	rootObject = D4B246B02C75492600BEB8DF /* Project object */;
}
